
Microsoft Visual Studio Solution File, Format Version 12.00
# Visual Studio Version 17
VisualStudioVersion = 17.7.34031.279
MinimumVisualStudioVersion = 10.0.40219.1
Project("{F2A71F9B-5D33-465A-A702-920D77279786}") = "lab_3", "lab_3.fsproj", "{A404556F-807F-4D84-8374-F471D26F930A}"
EndProject
Global
	GlobalSection(SolutionConfigurationPlatforms) = preSolution
		Debug|Any CPU = Debug|Any CPU
		Release|Any CPU = Release|Any CPU
	EndGlobalSection
	GlobalSection(ProjectConfigurationPlatforms) = postSolution
		{A404556F-807F-4D84-8374-F471D26F930A}.Debug|Any CPU.ActiveCfg = Debug|Any CPU
		{A404556F-807F-4D84-8374-F471D26F930A}.Debug|Any CPU.Build.0 = Debug|Any CPU
		{A404556F-807F-4D84-8374-F471D26F930A}.Release|Any CPU.ActiveCfg = Release|Any CPU
		{A404556F-807F-4D84-8374-F471D26F930A}.Release|Any CPU.Build.0 = Release|Any CPU
	EndGlobalSection
	GlobalSection(SolutionProperties) = preSolution
		HideSolutionNode = FALSE
	EndGlobalSection
	GlobalSection(ExtensibilityGlobals) = postSolution
		SolutionGuid = {32C64420-1D75-41B6-8467-695562668D0A}
	EndGlobalSection
EndGlobal
